{
  "name": "englewood-data-processing",
  "version": "1.0.0",
  "lockfileVersion": 1,
  "requires": true,
  "dependencies": {
    "@turf/turf": {
      "version": "4.5.2",
      "resolved": "https://registry.npmjs.org/@turf/turf/-/turf-4.5.2.tgz",
      "integrity": "sha1-wRwaYtos1PiPBtUYP02ass5UsFY="
    },
    "geojson-area": {
      "version": "0.2.1",
      "resolved": "https://registry.npmjs.org/geojson-area/-/geojson-area-0.2.1.tgz",
      "integrity": "sha1-JTewmC24YwnyHSxCikJXx6YoLMY="
    },
    "geojson-bbox": {
      "version": "0.0.0",
      "resolved": "https://registry.npmjs.org/geojson-bbox/-/geojson-bbox-0.0.0.tgz",
      "integrity": "sha1-6gf7YmEMzCmYeWAaVbqIQTm8G+g="
    },
    "lodash": {
      "version": "4.17.21",
      "resolved": "https://registry.npmjs.org/lodash/-/lodash-4.17.21.tgz",
      "integrity": "sha512-v2kDEe57lecTulaDIuNTPy3Ry4gLGJ6Z1O3vE1krgXZNrsQ+LFTGHVxVjcXPs17LhbZVGedAJv8XZ1tvj5FvSg=="
    },
    "rbush": {
      "version": "2.0.1",
      "resolved": "https://registry.npmjs.org/rbush/-/rbush-2.0.1.tgz",
      "integrity": "sha1-TPrKKMMGS8DudUMaG3mZDode76k="
    }
  }
}
